speakeasyVersion: 1.606.0
sources:
    Payvra API:
        sourceNamespace: payvra-api
        sourceRevisionDigest: sha256:404813913fd3ef81c2282183cf6363c280e22297d0383e401f912f8b571c8d61
        sourceBlobDigest: sha256:9ab6f4357f0ea6ff1f23f2e230f521c70b8fa65c44443fb38738f7df287ad787
        tags:
            - latest
            - speakeasy-sdk-regen-1755603821
            - 1.0.0
targets:
    payvra:
        source: Payvra API
        sourceNamespace: payvra-api
        sourceRevisionDigest: sha256:404813913fd3ef81c2282183cf6363c280e22297d0383e401f912f8b571c8d61
        sourceBlobDigest: sha256:9ab6f4357f0ea6ff1f23f2e230f521c70b8fa65c44443fb38738f7df287ad787
        codeSamplesNamespace: payvra-api-typescript-code-samples
        codeSamplesRevisionDigest: sha256:9b64394ada6987345a7faafb8b3e82921c26df95f95d35dfa46eb43445190580
workflow:
    workflowVersion: 1.0.0
    speakeasyVersion: latest
    sources:
        Payvra API:
            inputs:
                - location: https://v2.payvra.com/api/openapi
            overlays:
                - location: .speakeasy/speakeasy-modifications-overlay.yaml
            transformations:
                - removeUnused: true
            output: .speakeasy/out.openapi.yaml
            registry:
                location: registry.speakeasyapi.dev/payvra/api/payvra-api
    targets:
        payvra:
            target: typescript
            source: Payvra API
            publish:
                npm:
                    token: $npm_token
            codeSamples:
                registry:
                    location: registry.speakeasyapi.dev/payvra/api/payvra-api-typescript-code-samples
                labelOverride:
                    fixedValue: Typescript (SDK)
                blocking: false
